
Microsoft Visual Studio Solution File, Format Version 12.00
# Visual Studio Version 16
VisualStudioVersion = 16.0.32929.386
MinimumVisualStudioVersion = 10.0.40219.1
Project("{9A19103F-16F7-4668-BE54-9A1E7A4F7556}") = "Picrypt", "Picrypt\Picrypt.csproj", "{7858EB90-A9EF-4A79-B861-4779226CF660}"
EndProject
Global
	GlobalSection(SolutionConfigurationPlatforms) = preSolution
		Debug|Any CPU = Debug|Any CPU
		Release|Any CPU = Release|Any CPU
	EndGlobalSection
	GlobalSection(ProjectConfigurationPlatforms) = postSolution
		{7858EB90-A9EF-4A79-B861-4779226CF660}.Debug|Any CPU.ActiveCfg = Debug|Any CPU
		{7858EB90-A9EF-4A79-B861-4779226CF660}.Debug|Any CPU.Build.0 = Debug|Any CPU
		{7858EB90-A9EF-4A79-B861-4779226CF660}.Release|Any CPU.ActiveCfg = Release|Any CPU
	EndGlobalSection
	GlobalSection(SolutionProperties) = preSolution
		HideSolutionNode = FALSE
	EndGlobalSection
	GlobalSection(ExtensibilityGlobals) = postSolution
		SolutionGuid = {215C5C22-43FD-4B6F-9DD3-DF5F37D5D78C}
	EndGlobalSection
EndGlobal
